// !$*UTF8*$!
{
	archiveVersion = 1;
	classes = {
	};
	objectVersion = 50;
	objects = {

/* Begin PBXBuildFile section */
		613815F9251012D30023AF0E /* AppDelegate.swift in Sources */ = {isa = PBXBuildFile; fileRef = 613815F8251012D30023AF0E /* AppDelegate.swift */; };
		613815FB251012D30023AF0E /* SceneDelegate.swift in Sources */ = {isa = PBXBuildFile; fileRef = 613815FA251012D30023AF0E /* SceneDelegate.swift */; };
		613815FD251012D30023AF0E /* ViewController.swift in Sources */ = {isa = PBXBuildFile; fileRef = 613815FC251012D30023AF0E /* ViewController.swift */; };
		61381600251012D30023AF0E /* Main.storyboard in Resources */ = {isa = PBXBuildFile; fileRef = 613815FE251012D30023AF0E /* Main.storyboard */; };
		61381602251012D50023AF0E /* Assets.xcassets in Resources */ = {isa = PBXBuildFile; fileRef = 61381601251012D50023AF0E /* Assets.xcassets */; };
		61381605251012D50023AF0E /* LaunchScreen.storyboard in Resources */ = {isa = PBXBuildFile; fileRef = 61381603251012D50023AF0E /* LaunchScreen.storyboard */; };
/* End PBXBuildFile section */

/* Begin PBXFileReference section */
		613815F5251012D30023AF0E /* apple-picking-monkey-iOS-app.app */ = {isa = PBXFileReference; explicitFileType = wrapper.application; includeInIndex = 0; path = "apple-picking-monkey-iOS-app.app"; sourceTree = BUILT_PRODUCTS_DIR; };
		613815F8251012D30023AF0E /* AppDelegate.swift */ = {isa = PBXFileReference; lastKnownFileType = sourcecode.swift; path = AppDelegate.swift; sourceTree = "<group>"; };
		613815FA251012D30023AF0E /* SceneDelegate.swift */ = {isa = PBXFileReference; lastKnownFileType = sourcecode.swift; path = SceneDelegate.swift; sourceTree = "<group>"; };
		613815FC251012D30023AF0E /* ViewController.swift */ = {isa = PBXFileReference; lastKnownFileType = sourcecode.swift; path = ViewController.swift; sourceTree = "<group>"; };
		613815FF251012D30023AF0E /* Base */ = {isa = PBXFileReference; lastKnownFileType = file.storyboard; name = Base; path = Base.lproj/Main.storyboard; sourceTree = "<group>"; };
		61381601251012D50023AF0E /* Assets.xcassets */ = {isa = PBXFileReference; lastKnownFileType = folder.assetcatalog; path = Assets.xcassets; sourceTree = "<group>"; };
		61381604251012D50023AF0E /* Base */ = {isa = PBXFileReference; lastKnownFileType = file.storyboard; name = Base; path = Base.lproj/LaunchScreen.storyboard; sourceTree = "<group>"; };
		61381606251012D50023AF0E /* Info.plist */ = {isa = PBXFileReference; lastKnownFileType = text.plist.xml; path = Info.plist; sourceTree = "<group>"; };
/* End PBXFileReference section */

/* Begin PBXFrameworksBuildPhase section */
		613815F2251012D30023AF0E /* Frameworks */ = {
			isa = PBXFrameworksBuildPhase;
			buildActionMask = 2147483647;
			files = (
			);
			runOnlyForDeploymentPostprocessing = 0;
		};
/* End PBXFrameworksBuildPhase section */

/* Begin PBXGroup section */
		613815EC251012D30023AF0E = {
			isa = PBXGroup;
			children = (
				613815F7251012D30023AF0E /* apple-picking-monkey-iOS-app */,
				613815F6251012D30023AF0E /* Products */,
			);
			sourceTree = "<group>";
		};
		613815F6251012D30023AF0E /* Products */ = {
			isa = PBXGroup;
			children = (
				613815F5251012D30023AF0E /* apple-picking-monkey-iOS-app.app */,
			);
			name = Products;
			sourceTree = "<group>";
		};
		613815F7251012D30023AF0E /* apple-picking-monkey-iOS-app */ = {
			isa = PBXGroup;
			children = (
				613815F8251012D30023AF0E /* AppDelegate.swift */,
				613815FA251012D30023AF0E /* SceneDelegate.swift */,
				613815FC251012D30023AF0E /* ViewController.swift */,
				613815FE251012D30023AF0E /* Main.storyboard */,
				61381601251012D50023AF0E /* Assets.xcassets */,
				61381603251012D50023AF0E /* LaunchScreen.storyboard */,
				61381606251012D50023AF0E /* Info.plist */,
			);
			path = "apple-picking-monkey-iOS-app";
			sourceTree = "<group>";
		};
/* End PBXGroup section */

/* Begin PBXNativeTarget section */
		613815F4251012D30023AF0E /* apple-picking-monkey-iOS-app */ = {
			isa = PBXNativeTarget;
			buildConfigurationList = 61381609251012D50023AF0E /* Build configuration list for PBXNativeTarget "apple-picking-monkey-iOS-app" */;
			buildPhases = (
				613815F1251012D30023AF0E /* Sources */,
				613815F2251012D30023AF0E /* Frameworks */,
				613815F3251012D30023AF0E /* Resources */,
			);
			buildRules = (
			);
			dependencies = (
			);
			name = "apple-picking-monkey-iOS-app";
			productName = "apple-picking-monkey-iOS-app";
			productReference = 613815F5251012D30023AF0E /* apple-picking-monkey-iOS-app.app */;
			productType = "com.apple.product-type.application";
		};
/* End PBXNativeTarget section */

/* Begin PBXProject section */
		613815ED251012D30023AF0E /* Project object */ = {
			isa = PBXProject;
			attributes = {
				LastSwiftUpdateCheck = 1170;
				LastUpgradeCheck = 1170;
				ORGANIZATIONNAME = "Melanie Hendricks";
				TargetAttributes = {
					613815F4251012D30023AF0E = {
						CreatedOnToolsVersion = 11.7;
					};
				};
			};
			buildConfigurationList = 613815F0251012D30023AF0E /* Build configuration list for PBXProject "apple-picking-monkey-iOS-app" */;
			compatibilityVersion = "Xcode 9.3";
			developmentRegion = en;
			hasScannedForEncodings = 0;
			knownRegions = (
				en,
				Base,
			);
			mainGroup = 613815EC251012D30023AF0E;
			productRefGroup = 613815F6251012D30023AF0E /* Products */;
			projectDirPath = "";
			projectRoot = "";
			targets = (
				613815F4251012D30023AF0E /* apple-picking-monkey-iOS-app */,
			);
		};
/* End PBXProject section */

/* Begin PBXResourcesBuildPhase section */
		613815F3251012D30023AF0E /* Resources */ = {
			isa = PBXResourcesBuildPhase;
			buildActionMask = 2147483647;
			files = (
				61381605251012D50023AF0E /* LaunchScreen.storyboard in Resources */,
				61381602251012D50023AF0E /* Assets.xcassets in Resources */,
				61381600251012D30023AF0E /* Main.storyboard in Resources */,
			);
			runOnlyForDeploymentPostprocessing = 0;
		};
/* End PBXResourcesBuildPhase section */

/* Begin PBXSourcesBuildPhase section */
		613815F1251012D30023AF0E /* Sources */ = {
			isa = PBXSourcesBuildPhase;
			buildActionMask = 2147483647;
			files = (
				613815FD251012D30023AF0E /* ViewController.swift in Sources */,
				613815F9251012D30023AF0E /* AppDelegate.swift in Sources */,
				613815FB251012D30023AF0E /* SceneDelegate.swift in Sources */,
			);
			runOnlyForDeploymentPostprocessing = 0;
		};
/* End PBXSourcesBuildPhase section */

/* Begin PBXVariantGroup section */
		613815FE251012D30023AF0E /* Main.storyboard */ = {
			isa = PBXVariantGroup;
			children = (
				613815FF251012D30023AF0E /* Base */,
			);
			name = Main.storyboard;
			sourceTree = "<group>";
		};
		61381603251012D50023AF0E /* LaunchScreen.storyboard */ = {
			isa = PBXVariantGroup;
			children = (
				61381604251012D50023AF0E /* Base */,
			);
			name = LaunchScreen.storyboard;
			sourceTree = "<group>";
		};
/* End PBXVariantGroup section */

/* Begin XCBuildConfiguration section */
		61381607251012D50023AF0E /* Debug */ = {
			isa = XCBuildConfiguration;
			buildSettings = {
				ALWAYS_SEARCH_USER_PATHS = NO;
				CLANG_ANALYZER_NONNULL = YES;
				CLANG_ANALYZER_NUMBER_OBJECT_CONVERSION = YES_AGGRESSIVE;
				CLANG_CXX_LANGUAGE_STANDARD = "gnu++14";
				CLANG_CXX_LIBRARY = "libc++";
				CLANG_ENABLE_MODULES = YES;
				CLANG_ENABLE_OBJC_ARC = YES;
				CLANG_ENABLE_OBJC_WEAK = YES;
				CLANG_WARN_BLOCK_CAPTURE_AUTORELEASING = YES;
				CLANG_WARN_BOOL_CONVERSION = YES;
				CLANG_WARN_COMMA = YES;
				CLANG_WARN_CONSTANT_CONVERSION = YES;
				CLANG_WARN_DEPRECATED_OBJC_IMPLEMENTATIONS = YES;
				CLANG_WARN_DIRECT_OBJC_ISA_USAGE = YES_ERROR;
				CLANG_WARN_DOCUMENTATION_COMMENTS = YES;
				CLANG_WARN_EMPTY_BODY = YES;
				CLANG_WARN_ENUM_CONVERSION = YES;
				CLANG_WARN_INFINITE_RECURSION = YES;
				CLANG_WARN_INT_CONVERSION = YES;
				CLANG_WARN_NON_LITERAL_NULL_CONVERSION = YES;
				CLANG_WARN_OBJC_IMPLICIT_RETAIN_SELF = YES;
				CLANG_WARN_OBJC_LITERAL_CONVERSION = YES;
				CLANG_WARN_OBJC_ROOT_CLASS = YES_ERROR;
				CLANG_WARN_RANGE_LOOP_ANALYSIS = YES;
				CLANG_WARN_STRICT_PROTOTYPES = YES;
				CLANG_WARN_SUSPICIOUS_MOVE = YES;
				CLANG_WARN_UNGUARDED_AVAILABILITY = YES_AGGRESSIVE;
				CLANG_WARN_UNREACHABLE_CODE = YES;
				CLANG_WARN__DUPLICATE_METHOD_MATCH = YES;
				COPY_PHASE_STRIP = NO;
				DEBUG_INFORMATION_FORMAT = dwarf;
				ENABLE_STRICT_OBJC_MSGSEND = YES;
				ENABLE_TESTABILITY = YES;
				GCC_C_LANGUAGE_STANDARD = gnu11;
				GCC_DYNAMIC_NO_PIC = NO;
				GCC_NO_COMMON_BLOCKS = YES;
				GCC_OPTIMIZATION_LEVEL = 0;
				GCC_PREPROCESSOR_DEFINITIONS = (
					"DEBUG=1",
					"$(inherited)",
				);
				GCC_WARN_64_TO_32_BIT_CONVERSION = YES;
				GCC_WARN_ABOUT_RETURN_TYPE = YES_ERROR;
				GCC_WARN_UNDECLARED_SELECTOR = YES;
				GCC_WARN_UNINITIALIZED_AUTOS = YES_AGGRESSIVE;
				GCC_WARN_UNUSED_FUNCTION = YES;
				GCC_WARN_UNUSED_VARIABLE = YES;
				IPHONEOS_DEPLOYMENT_TARGET = 13.7;
				MTL_ENABLE_DEBUG_INFO = INCLUDE_SOURCE;
				MTL_FAST_MATH = YES;
				ONLY_ACTIVE_ARCH = YES;
				SDKROOT = iphoneos;
				SWIFT_ACTIVE_COMPILATION_CONDITIONS = DEBUG;
				SWIFT_OPTIMIZATION_LEVEL = "-Onone";
			};
			name = Debug;
		};
		61381608251012D50023AF0E /* Release */ = {
			isa = XCBuildConfiguration;
			buildSettings = {
				ALWAYS_SEARCH_USER_PATHS = NO;
				CLANG_ANALYZER_NONNULL = YES;
				CLANG_ANALYZER_NUMBER_OBJECT_CONVERSION = YES_AGGRESSIVE;
				CLANG_CXX_LANGUAGE_STANDARD = "gnu++14";
				CLANG_CXX_LIBRARY = "libc++";
				CLANG_ENABLE_MODULES = YES;
				CLANG_ENABLE_OBJC_ARC = YES;
				CLANG_ENABLE_OBJC_WEAK = YES;
				CLANG_WARN_BLOCK_CAPTURE_AUTORELEASING = YES;
				CLANG_WARN_BOOL_CONVERSION = YES;
				CLANG_WARN_COMMA = YES;
				CLANG_WARN_CONSTANT_CONVERSION = YES;
				CLANG_WARN_DEPRECATED_OBJC_IMPLEMENTATIONS = YES;
				CLANG_WARN_DIRECT_OBJC_ISA_USAGE = YES_ERROR;
				CLANG_WARN_DOCUMENTATION_COMMENTS = YES;
				CLANG_WARN_EMPTY_BODY = YES;
				CLANG_WARN_ENUM_CONVERSION = YES;
				CLANG_WARN_INFINITE_RECURSION = YES;
				CLANG_WARN_INT_CONVERSION = YES;
				CLANG_WARN_NON_LITERAL_NULL_CONVERSION = YES;
				CLANG_WARN_OBJC_IMPLICIT_RETAIN_SELF = YES;
				CLANG_WARN_OBJC_LITERAL_CONVERSION = YES;
				CLANG_WARN_OBJC_ROOT_CLASS = YES_ERROR;
				CLANG_WARN_RANGE_LOOP_ANALYSIS = YES;
				CLANG_WARN_STRICT_PROTOTYPES = YES;
				CLANG_WARN_SUSPICIOUS_MOVE = YES;
				CLANG_WARN_UNGUARDED_AVAILABILITY = YES_AGGRESSIVE;
				CLANG_WARN_UNREACHABLE_CODE = YES;
				CLANG_WARN__DUPLICATE_METHOD_MATCH = YES;
				COPY_PHASE_STRIP = NO;
				DEBUG_INFORMATION_FORMAT = "dwarf-with-dsym";
				ENABLE_NS_ASSERTIONS = NO;
				ENABLE_STRICT_OBJC_MSGSEND = YES;
				GCC_C_LANGUAGE_STANDARD = gnu11;
				GCC_NO_COMMON_BLOCKS = YES;
				GCC_WARN_64_TO_32_BIT_CONVERSION = YES;
				GCC_WARN_ABOUT_RETURN_TYPE = YES_ERROR;
				GCC_WARN_UNDECLARED_SELECTOR = YES;
				GCC_WARN_UNINITIALIZED_AUTOS = YES_AGGRESSIVE;
				GCC_WARN_UNUSED_FUNCTION = YES;
				GCC_WARN_UNUSED_VARIABLE = YES;
				IPHONEOS_DEPLOYMENT_TARGET = 13.7;
				MTL_ENABLE_DEBUG_INFO = NO;
				MTL_FAST_MATH = YES;
				SDKROOT = iphoneos;
				SWIFT_COMPILATION_MODE = wholemodule;
				SWIFT_OPTIMIZATION_LEVEL = "-O";
				VALIDATE_PRODUCT = YES;
			};
			name = Release;
		};
		6138160A251012D50023AF0E /* Debug */ = {
			isa = XCBuildConfiguration;
			buildSettings = {
				ASSETCATALOG_COMPILER_APPICON_NAME = AppIcon;
				CODE_SIGN_STYLE = Automatic;
				DEVELOPMENT_TEAM = H89PS3R6S8;
				INFOPLIST_FILE = "apple-picking-monkey-iOS-app/Info.plist";
				LD_RUNPATH_SEARCH_PATHS = (
					"$(inherited)",
					"@executable_path/Frameworks",
				);
				PRODUCT_BUNDLE_IDENTIFIER = "ASU.apple-picking-monkey-iOS-app";
				PRODUCT_NAME = "$(TARGET_NAME)";
				SWIFT_VERSION = 5.0;
				TARGETED_DEVICE_FAMILY = "1,2";
			};
			name = Debug;
		};
		6138160B251012D50023AF0E /* Release */ = {
			isa = XCBuildConfiguration;
			buildSettings = {
				ASSETCATALOG_COMPILER_APPICON_NAME = AppIcon;
				CODE_SIGN_STYLE = Automatic;
				DEVELOPMENT_TEAM = H89PS3R6S8;
				INFOPLIST_FILE = "apple-picking-monkey-iOS-app/Info.plist";
				LD_RUNPATH_SEARCH_PATHS = (
					"$(inherited)",
					"@executable_path/Frameworks",
				);
				PRODUCT_BUNDLE_IDENTIFIER = "ASU.apple-picking-monkey-iOS-app";
				PRODUCT_NAME = "$(TARGET_NAME)";
				SWIFT_VERSION = 5.0;
				TARGETED_DEVICE_FAMILY = "1,2";
			};
			name = Release;
		};
/* End XCBuildConfiguration section */

/* Begin XCConfigurationList section */
		613815F0251012D30023AF0E /* Build configuration list for PBXProject "apple-picking-monkey-iOS-app" */ = {
			isa = XCConfigurationList;
			buildConfigurations = (
				61381607251012D50023AF0E /* Debug */,
				61381608251012D50023AF0E /* Release */,
			);
			defaultConfigurationIsVisible = 0;
			defaultConfigurationName = Release;
		};
		61381609251012D50023AF0E /* Build configuration list for PBXNativeTarget "apple-picking-monkey-iOS-app" */ = {
			isa = XCConfigurationList;
			buildConfigurations = (
				6138160A251012D50023AF0E /* Debug */,
				6138160B251012D50023AF0E /* Release */,
			);
			defaultConfigurationIsVisible = 0;
			defaultConfigurationName = Release;
		};
/* End XCConfigurationList section */
	};
	rootObject = 613815ED251012D30023AF0E /* Project object */;
}
